// !$*UTF8*$!
{
	archiveVersion = 1;
	classes = {
	};
	objectVersion = 48;
	objects = {

/* Begin PBXBuildFile section */
		6A0F7D0F1F9A2C7B00191C2A /* AppDelegate.swift in Sources */ = {isa = PBXBuildFile; fileRef = 6A0F7D0E1F9A2C7B00191C2A /* AppDelegate.swift */; };
		6A0F7D111F9A2C7B00191C2A /* MuseumController.swift in Sources */ = {isa = PBXBuildFile; fileRef = 6A0F7D101F9A2C7B00191C2A /* MuseumController.swift */; };
		6A0F7D131F9A2C7B00191C2A /* MapController.swift in Sources */ = {isa = PBXBuildFile; fileRef = 6A0F7D121F9A2C7B00191C2A /* MapController.swift */; };
		6A0F7D161F9A2C7B00191C2A /* Main.storyboard in Resources */ = {isa = PBXBuildFile; fileRef = 6A0F7D141F9A2C7B00191C2A /* Main.storyboard */; };
		6A0F7D181F9A2C7B00191C2A /* Assets.xcassets in Resources */ = {isa = PBXBuildFile; fileRef = 6A0F7D171F9A2C7B00191C2A /* Assets.xcassets */; };
		6A0F7D1B1F9A2C7B00191C2A /* LaunchScreen.storyboard in Resources */ = {isa = PBXBuildFile; fileRef = 6A0F7D191F9A2C7B00191C2A /* LaunchScreen.storyboard */; };
		6A9846721F9AAD10002D5C64 /* FloorButton.swift in Sources */ = {isa = PBXBuildFile; fileRef = 6A9846711F9AAD0F002D5C64 /* FloorButton.swift */; };
		6A9846741F9B0676002D5C64 /* Room.swift in Sources */ = {isa = PBXBuildFile; fileRef = 6A9846731F9B0676002D5C64 /* Room.swift */; };
		6A9846771F9B1896002D5C64 /* RoomsManager.swift in Sources */ = {isa = PBXBuildFile; fileRef = 6A9846761F9B1896002D5C64 /* RoomsManager.swift */; };
		6A9846791F9B21C4002D5C64 /* RealmRoom.swift in Sources */ = {isa = PBXBuildFile; fileRef = 6A9846781F9B21C4002D5C64 /* RealmRoom.swift */; };
		6A98467C1F9B44DB002D5C64 /* Route.swift in Sources */ = {isa = PBXBuildFile; fileRef = 6A98467B1F9B44DB002D5C64 /* Route.swift */; };
		6A98467E1F9B7186002D5C64 /* TicketController.swift in Sources */ = {isa = PBXBuildFile; fileRef = 6A98467D1F9B7186002D5C64 /* TicketController.swift */; };
		6A9846801F9BD5F5002D5C64 /* CategoryCollectionCell.swift in Sources */ = {isa = PBXBuildFile; fileRef = 6A98467F1F9BD5F5002D5C64 /* CategoryCollectionCell.swift */; };
		6A9846951F9BEDF2002D5C64 /* NetworkManager.swift in Sources */ = {isa = PBXBuildFile; fileRef = 6A9846931F9BEDF1002D5C64 /* NetworkManager.swift */; };
		6AFF1C7B1F9A9B7C001467D9 /* MapView.swift in Sources */ = {isa = PBXBuildFile; fileRef = 6AFF1C7A1F9A9B7C001467D9 /* MapView.swift */; };
		8F22360C5964BB4527008B7F /* Pods_BenderApp.framework in Frameworks */ = {isa = PBXBuildFile; fileRef = 308B8EEDD6A077A69F43ABF0 /* Pods_BenderApp.framework */; };
/* End PBXBuildFile section */

/* Begin PBXFileReference section */
		308B8EEDD6A077A69F43ABF0 /* Pods_BenderApp.framework */ = {isa = PBXFileReference; explicitFileType = wrapper.framework; includeInIndex = 0; path = Pods_BenderApp.framework; sourceTree = BUILT_PRODUCTS_DIR; };
		3415BCE6558FDF9EAF0B9A36 /* Pods-BenderApp.release.xcconfig */ = {isa = PBXFileReference; includeInIndex = 1; lastKnownFileType = text.xcconfig; name = "Pods-BenderApp.release.xcconfig"; path = "Pods/Target Support Files/Pods-BenderApp/Pods-BenderApp.release.xcconfig"; sourceTree = "<group>"; };
		6A0F7D0B1F9A2C7B00191C2A /* BenderApp.app */ = {isa = PBXFileReference; explicitFileType = wrapper.application; includeInIndex = 0; path = BenderApp.app; sourceTree = BUILT_PRODUCTS_DIR; };
		6A0F7D0E1F9A2C7B00191C2A /* AppDelegate.swift */ = {isa = PBXFileReference; lastKnownFileType = sourcecode.swift; path = AppDelegate.swift; sourceTree = "<group>"; };
		6A0F7D101F9A2C7B00191C2A /* MuseumController.swift */ = {isa = PBXFileReference; lastKnownFileType = sourcecode.swift; path = MuseumController.swift; sourceTree = "<group>"; };
		6A0F7D121F9A2C7B00191C2A /* MapController.swift */ = {isa = PBXFileReference; lastKnownFileType = sourcecode.swift; path = MapController.swift; sourceTree = "<group>"; };
		6A0F7D151F9A2C7B00191C2A /* Base */ = {isa = PBXFileReference; lastKnownFileType = file.storyboard; name = Base; path = Base.lproj/Main.storyboard; sourceTree = "<group>"; };
		6A0F7D171F9A2C7B00191C2A /* Assets.xcassets */ = {isa = PBXFileReference; lastKnownFileType = folder.assetcatalog; path = Assets.xcassets; sourceTree = "<group>"; };
		6A0F7D1A1F9A2C7B00191C2A /* Base */ = {isa = PBXFileReference; lastKnownFileType = file.storyboard; name = Base; path = Base.lproj/LaunchScreen.storyboard; sourceTree = "<group>"; };
		6A0F7D1C1F9A2C7B00191C2A /* Info.plist */ = {isa = PBXFileReference; lastKnownFileType = text.plist.xml; path = Info.plist; sourceTree = "<group>"; };
		6A9846711F9AAD0F002D5C64 /* FloorButton.swift */ = {isa = PBXFileReference; lastKnownFileType = sourcecode.swift; path = FloorButton.swift; sourceTree = "<group>"; };
		6A9846731F9B0676002D5C64 /* Room.swift */ = {isa = PBXFileReference; lastKnownFileType = sourcecode.swift; path = Room.swift; sourceTree = "<group>"; };
		6A9846761F9B1896002D5C64 /* RoomsManager.swift */ = {isa = PBXFileReference; lastKnownFileType = sourcecode.swift; path = RoomsManager.swift; sourceTree = "<group>"; };
		6A9846781F9B21C4002D5C64 /* RealmRoom.swift */ = {isa = PBXFileReference; lastKnownFileType = sourcecode.swift; path = RealmRoom.swift; sourceTree = "<group>"; };
		6A98467B1F9B44DB002D5C64 /* Route.swift */ = {isa = PBXFileReference; lastKnownFileType = sourcecode.swift; path = Route.swift; sourceTree = "<group>"; };
		6A98467D1F9B7186002D5C64 /* TicketController.swift */ = {isa = PBXFileReference; lastKnownFileType = sourcecode.swift; path = TicketController.swift; sourceTree = "<group>"; };
		6A98467F1F9BD5F5002D5C64 /* CategoryCollectionCell.swift */ = {isa = PBXFileReference; lastKnownFileType = sourcecode.swift; path = CategoryCollectionCell.swift; sourceTree = "<group>"; };
		6A9846931F9BEDF1002D5C64 /* NetworkManager.swift */ = {isa = PBXFileReference; fileEncoding = 4; lastKnownFileType = sourcecode.swift; path = NetworkManager.swift; sourceTree = "<group>"; };
		6AFF1C7A1F9A9B7C001467D9 /* MapView.swift */ = {isa = PBXFileReference; lastKnownFileType = sourcecode.swift; name = MapView.swift; path = BenderApp/Views/MapView.swift; sourceTree = SOURCE_ROOT; };
		D4C46EC22A22853427A62E96 /* Pods-BenderApp.debug.xcconfig */ = {isa = PBXFileReference; includeInIndex = 1; lastKnownFileType = text.xcconfig; name = "Pods-BenderApp.debug.xcconfig"; path = "Pods/Target Support Files/Pods-BenderApp/Pods-BenderApp.debug.xcconfig"; sourceTree = "<group>"; };
/* End PBXFileReference section */

/* Begin PBXFrameworksBuildPhase section */
		6A0F7D081F9A2C7B00191C2A /* Frameworks */ = {
			isa = PBXFrameworksBuildPhase;
			buildActionMask = 2147483647;
			files = (
				8F22360C5964BB4527008B7F /* Pods_BenderApp.framework in Frameworks */,
			);
			runOnlyForDeploymentPostprocessing = 0;
		};
/* End PBXFrameworksBuildPhase section */

/* Begin PBXGroup section */
		6A0F7D021F9A2C7B00191C2A = {
			isa = PBXGroup;
			children = (
				6A0F7D0D1F9A2C7B00191C2A /* BenderApp */,
				6A0F7D0C1F9A2C7B00191C2A /* Products */,
				A03E9F6FCE7F18076A4B8A54 /* Pods */,
				CE7814793228D4A0E59FAD03 /* Frameworks */,
			);
			sourceTree = "<group>";
		};
		6A0F7D0C1F9A2C7B00191C2A /* Products */ = {
			isa = PBXGroup;
			children = (
				6A0F7D0B1F9A2C7B00191C2A /* BenderApp.app */,
			);
			name = Products;
			sourceTree = "<group>";
		};
		6A0F7D0D1F9A2C7B00191C2A /* BenderApp */ = {
			isa = PBXGroup;
			children = (
				6A0F7D0E1F9A2C7B00191C2A /* AppDelegate.swift */,
				6A9846761F9B1896002D5C64 /* RoomsManager.swift */,
				6A9846931F9BEDF1002D5C64 /* NetworkManager.swift */,
				6A9846751F9B0C4C002D5C64 /* Models */,
				6AFF1C7C1F9A9B83001467D9 /* Views */,
				6AFF1C791F9A9B53001467D9 /* Controllers */,
				6A0F7D141F9A2C7B00191C2A /* Main.storyboard */,
				6A0F7D171F9A2C7B00191C2A /* Assets.xcassets */,
				6A0F7D191F9A2C7B00191C2A /* LaunchScreen.storyboard */,
				6A0F7D1C1F9A2C7B00191C2A /* Info.plist */,
			);
			path = BenderApp;
			sourceTree = "<group>";
		};
		6A9846751F9B0C4C002D5C64 /* Models */ = {
			isa = PBXGroup;
			children = (
				6A98467A1F9B2EE6002D5C64 /* Realm */,
				6A9846731F9B0676002D5C64 /* Room.swift */,
				6A98467B1F9B44DB002D5C64 /* Route.swift */,
			);
			path = Models;
			sourceTree = "<group>";
		};
		6A98467A1F9B2EE6002D5C64 /* Realm */ = {
			isa = PBXGroup;
			children = (
				6A9846781F9B21C4002D5C64 /* RealmRoom.swift */,
			);
			path = Realm;
			sourceTree = "<group>";
		};
		6AFF1C791F9A9B53001467D9 /* Controllers */ = {
			isa = PBXGroup;
			children = (
				6A0F7D101F9A2C7B00191C2A /* MuseumController.swift */,
				6A0F7D121F9A2C7B00191C2A /* MapController.swift */,
				6A98467D1F9B7186002D5C64 /* TicketController.swift */,
			);
			path = Controllers;
			sourceTree = "<group>";
		};
		6AFF1C7C1F9A9B83001467D9 /* Views */ = {
			isa = PBXGroup;
			children = (
				6AFF1C7A1F9A9B7C001467D9 /* MapView.swift */,
				6A9846711F9AAD0F002D5C64 /* FloorButton.swift */,
				6A98467F1F9BD5F5002D5C64 /* CategoryCollectionCell.swift */,
			);
			path = Views;
			sourceTree = "<group>";
		};
		A03E9F6FCE7F18076A4B8A54 /* Pods */ = {
			isa = PBXGroup;
			children = (
				D4C46EC22A22853427A62E96 /* Pods-BenderApp.debug.xcconfig */,
				3415BCE6558FDF9EAF0B9A36 /* Pods-BenderApp.release.xcconfig */,
			);
			name = Pods;
			sourceTree = "<group>";
		};
		CE7814793228D4A0E59FAD03 /* Frameworks */ = {
			isa = PBXGroup;
			children = (
				308B8EEDD6A077A69F43ABF0 /* Pods_BenderApp.framework */,
			);
			name = Frameworks;
			sourceTree = "<group>";
		};
/* End PBXGroup section */

/* Begin PBXNativeTarget section */
		6A0F7D0A1F9A2C7B00191C2A /* BenderApp */ = {
			isa = PBXNativeTarget;
			buildConfigurationList = 6A0F7D1F1F9A2C7B00191C2A /* Build configuration list for PBXNativeTarget "BenderApp" */;
			buildPhases = (
				764229B09A7F89FF34471FE0 /* [CP] Check Pods Manifest.lock */,
				6A0F7D071F9A2C7B00191C2A /* Sources */,
				6A0F7D081F9A2C7B00191C2A /* Frameworks */,
				6A0F7D091F9A2C7B00191C2A /* Resources */,
				622F936189D74756BD2D0916 /* [CP] Embed Pods Frameworks */,
				5A3D720BBF96757699A34EAF /* [CP] Copy Pods Resources */,
			);
			buildRules = (
			);
			dependencies = (
			);
			name = BenderApp;
			productName = BenderApp;
			productReference = 6A0F7D0B1F9A2C7B00191C2A /* BenderApp.app */;
			productType = "com.apple.product-type.application";
		};
/* End PBXNativeTarget section */

/* Begin PBXProject section */
		6A0F7D031F9A2C7B00191C2A /* Project object */ = {
			isa = PBXProject;
			attributes = {
				LastSwiftUpdateCheck = 0900;
				LastUpgradeCheck = 0900;
				ORGANIZATIONNAME = bestK1ng;
				TargetAttributes = {
					6A0F7D0A1F9A2C7B00191C2A = {
						CreatedOnToolsVersion = 9.0.1;
						ProvisioningStyle = Automatic;
					};
				};
			};
			buildConfigurationList = 6A0F7D061F9A2C7B00191C2A /* Build configuration list for PBXProject "BenderApp" */;
			compatibilityVersion = "Xcode 8.0";
			developmentRegion = en;
			hasScannedForEncodings = 0;
			knownRegions = (
				en,
				Base,
			);
			mainGroup = 6A0F7D021F9A2C7B00191C2A;
			productRefGroup = 6A0F7D0C1F9A2C7B00191C2A /* Products */;
			projectDirPath = "";
			projectRoot = "";
			targets = (
				6A0F7D0A1F9A2C7B00191C2A /* BenderApp */,
			);
		};
/* End PBXProject section */

/* Begin PBXResourcesBuildPhase section */
		6A0F7D091F9A2C7B00191C2A /* Resources */ = {
			isa = PBXResourcesBuildPhase;
			buildActionMask = 2147483647;
			files = (
				6A0F7D1B1F9A2C7B00191C2A /* LaunchScreen.storyboard in Resources */,
				6A0F7D181F9A2C7B00191C2A /* Assets.xcassets in Resources */,
				6A0F7D161F9A2C7B00191C2A /* Main.storyboard in Resources */,
			);
			runOnlyForDeploymentPostprocessing = 0;
		};
/* End PBXResourcesBuildPhase section */

/* Begin PBXShellScriptBuildPhase section */
		5A3D720BBF96757699A34EAF /* [CP] Copy Pods Resources */ = {
			isa = PBXShellScriptBuildPhase;
			buildActionMask = 2147483647;
			files = (
			);
			inputPaths = (
			);
			name = "[CP] Copy Pods Resources";
			outputPaths = (
			);
			runOnlyForDeploymentPostprocessing = 0;
			shellPath = /bin/sh;
			shellScript = "\"${SRCROOT}/Pods/Target Support Files/Pods-BenderApp/Pods-BenderApp-resources.sh\"\n";
			showEnvVarsInLog = 0;
		};
		622F936189D74756BD2D0916 /* [CP] Embed Pods Frameworks */ = {
			isa = PBXShellScriptBuildPhase;
			buildActionMask = 2147483647;
			files = (
			);
			inputPaths = (
				"${SRCROOT}/Pods/Target Support Files/Pods-BenderApp/Pods-BenderApp-frameworks.sh",
				"${BUILT_PRODUCTS_DIR}/Alamofire/Alamofire.framework",
				"${BUILT_PRODUCTS_DIR}/Realm/Realm.framework",
				"${BUILT_PRODUCTS_DIR}/RealmSwift/RealmSwift.framework",
			);
			name = "[CP] Embed Pods Frameworks";
			outputPaths = (
				"${TARGET_BUILD_DIR}/${FRAMEWORKS_FOLDER_PATH}/Alamofire.framework",
				"${TARGET_BUILD_DIR}/${FRAMEWORKS_FOLDER_PATH}/Realm.framework",
				"${TARGET_BUILD_DIR}/${FRAMEWORKS_FOLDER_PATH}/RealmSwift.framework",
			);
			runOnlyForDeploymentPostprocessing = 0;
			shellPath = /bin/sh;
			shellScript = "\"${SRCROOT}/Pods/Target Support Files/Pods-BenderApp/Pods-BenderApp-frameworks.sh\"\n";
			showEnvVarsInLog = 0;
		};
		764229B09A7F89FF34471FE0 /* [CP] Check Pods Manifest.lock */ = {
			isa = PBXShellScriptBuildPhase;
			buildActionMask = 2147483647;
			files = (
			);
			inputPaths = (
				"${PODS_PODFILE_DIR_PATH}/Podfile.lock",
				"${PODS_ROOT}/Manifest.lock",
			);
			name = "[CP] Check Pods Manifest.lock";
			outputPaths = (
				"$(DERIVED_FILE_DIR)/Pods-BenderApp-checkManifestLockResult.txt",
			);
			runOnlyForDeploymentPostprocessing = 0;
			shellPath = /bin/sh;
			shellScript = "diff \"${PODS_PODFILE_DIR_PATH}/Podfile.lock\" \"${PODS_ROOT}/Manifest.lock\" > /dev/null\nif [ $? != 0 ] ; then\n    # print error to STDERR\n    echo \"error: The sandbox is not in sync with the Podfile.lock. Run 'pod install' or update your CocoaPods installation.\" >&2\n    exit 1\nfi\n# This output is used by Xcode 'outputs' to avoid re-running this script phase.\necho \"SUCCESS\" > \"${SCRIPT_OUTPUT_FILE_0}\"\n";
			showEnvVarsInLog = 0;
		};
/* End PBXShellScriptBuildPhase section */

/* Begin PBXSourcesBuildPhase section */
		6A0F7D071F9A2C7B00191C2A /* Sources */ = {
			isa = PBXSourcesBuildPhase;
			buildActionMask = 2147483647;
			files = (
				6A98467C1F9B44DB002D5C64 /* Route.swift in Sources */,
				6A9846791F9B21C4002D5C64 /* RealmRoom.swift in Sources */,
				6A9846771F9B1896002D5C64 /* RoomsManager.swift in Sources */,
				6A0F7D131F9A2C7B00191C2A /* MapController.swift in Sources */,
				6AFF1C7B1F9A9B7C001467D9 /* MapView.swift in Sources */,
				6A9846741F9B0676002D5C64 /* Room.swift in Sources */,
				6A0F7D0F1F9A2C7B00191C2A /* AppDelegate.swift in Sources */,
				6A9846721F9AAD10002D5C64 /* FloorButton.swift in Sources */,
				6A0F7D111F9A2C7B00191C2A /* MuseumController.swift in Sources */,
				6A9846801F9BD5F5002D5C64 /* CategoryCollectionCell.swift in Sources */,
				6A9846951F9BEDF2002D5C64 /* NetworkManager.swift in Sources */,
				6A98467E1F9B7186002D5C64 /* TicketController.swift in Sources */,
			);
			runOnlyForDeploymentPostprocessing = 0;
		};
/* End PBXSourcesBuildPhase section */

/* Begin PBXVariantGroup section */
		6A0F7D141F9A2C7B00191C2A /* Main.storyboard */ = {
			isa = PBXVariantGroup;
			children = (
				6A0F7D151F9A2C7B00191C2A /* Base */,
			);
			name = Main.storyboard;
			sourceTree = "<group>";
		};
		6A0F7D191F9A2C7B00191C2A /* LaunchScreen.storyboard */ = {
			isa = PBXVariantGroup;
			children = (
				6A0F7D1A1F9A2C7B00191C2A /* Base */,
			);
			name = LaunchScreen.storyboard;
			sourceTree = "<group>";
		};
/* End PBXVariantGroup section */

/* Begin XCBuildConfiguration section */
		6A0F7D1D1F9A2C7B00191C2A /* Debug */ = {
			isa = XCBuildConfiguration;
			buildSettings = {
				ALWAYS_SEARCH_USER_PATHS = NO;
				CLANG_ANALYZER_NONNULL = YES;
				CLANG_ANALYZER_NUMBER_OBJECT_CONVERSION = YES_AGGRESSIVE;
				CLANG_CXX_LANGUAGE_STANDARD = "gnu++14";
				CLANG_CXX_LIBRARY = "libc++";
				CLANG_ENABLE_MODULES = YES;
				CLANG_ENABLE_OBJC_ARC = YES;
				CLANG_WARN_BLOCK_CAPTURE_AUTORELEASING = YES;
				CLANG_WARN_BOOL_CONVERSION = YES;
				CLANG_WARN_COMMA = YES;
				CLANG_WARN_CONSTANT_CONVERSION = YES;
				CLANG_WARN_DIRECT_OBJC_ISA_USAGE = YES_ERROR;
				CLANG_WARN_DOCUMENTATION_COMMENTS = YES;
				CLANG_WARN_EMPTY_BODY = YES;
				CLANG_WARN_ENUM_CONVERSION = YES;
				CLANG_WARN_INFINITE_RECURSION = YES;
				CLANG_WARN_INT_CONVERSION = YES;
				CLANG_WARN_NON_LITERAL_NULL_CONVERSION = YES;
				CLANG_WARN_OBJC_LITERAL_CONVERSION = YES;
				CLANG_WARN_OBJC_ROOT_CLASS = YES_ERROR;
				CLANG_WARN_RANGE_LOOP_ANALYSIS = YES;
				CLANG_WARN_STRICT_PROTOTYPES = YES;
				CLANG_WARN_SUSPICIOUS_MOVE = YES;
				CLANG_WARN_UNGUARDED_AVAILABILITY = YES_AGGRESSIVE;
				CLANG_WARN_UNREACHABLE_CODE = YES;
				CLANG_WARN__DUPLICATE_METHOD_MATCH = YES;
				CODE_SIGN_IDENTITY = "iPhone Developer";
				COPY_PHASE_STRIP = NO;
				DEBUG_INFORMATION_FORMAT = dwarf;
				ENABLE_STRICT_OBJC_MSGSEND = YES;
				ENABLE_TESTABILITY = YES;
				GCC_C_LANGUAGE_STANDARD = gnu11;
				GCC_DYNAMIC_NO_PIC = NO;
				GCC_NO_COMMON_BLOCKS = YES;
				GCC_OPTIMIZATION_LEVEL = 0;
				GCC_PREPROCESSOR_DEFINITIONS = (
					"DEBUG=1",
					"$(inherited)",
				);
				GCC_WARN_64_TO_32_BIT_CONVERSION = YES;
				GCC_WARN_ABOUT_RETURN_TYPE = YES_ERROR;
				GCC_WARN_UNDECLARED_SELECTOR = YES;
				GCC_WARN_UNINITIALIZED_AUTOS = YES_AGGRESSIVE;
				GCC_WARN_UNUSED_FUNCTION = YES;
				GCC_WARN_UNUSED_VARIABLE = YES;
				IPHONEOS_DEPLOYMENT_TARGET = 11.0;
				MTL_ENABLE_DEBUG_INFO = YES;
				ONLY_ACTIVE_ARCH = YES;
				SDKROOT = iphoneos;
				SWIFT_ACTIVE_COMPILATION_CONDITIONS = DEBUG;
				SWIFT_OPTIMIZATION_LEVEL = "-Onone";
			};
			name = Debug;
		};
		6A0F7D1E1F9A2C7B00191C2A /* Release */ = {
			isa = XCBuildConfiguration;
			buildSettings = {
				ALWAYS_SEARCH_USER_PATHS = NO;
				CLANG_ANALYZER_NONNULL = YES;
				CLANG_ANALYZER_NUMBER_OBJECT_CONVERSION = YES_AGGRESSIVE;
				CLANG_CXX_LANGUAGE_STANDARD = "gnu++14";
				CLANG_CXX_LIBRARY = "libc++";
				CLANG_ENABLE_MODULES = YES;
				CLANG_ENABLE_OBJC_ARC = YES;
				CLANG_WARN_BLOCK_CAPTURE_AUTORELEASING = YES;
				CLANG_WARN_BOOL_CONVERSION = YES;
				CLANG_WARN_COMMA = YES;
				CLANG_WARN_CONSTANT_CONVERSION = YES;
				CLANG_WARN_DIRECT_OBJC_ISA_USAGE = YES_ERROR;
				CLANG_WARN_DOCUMENTATION_COMMENTS = YES;
				CLANG_WARN_EMPTY_BODY = YES;
				CLANG_WARN_ENUM_CONVERSION = YES;
				CLANG_WARN_INFINITE_RECURSION = YES;
				CLANG_WARN_INT_CONVERSION = YES;
				CLANG_WARN_NON_LITERAL_NULL_CONVERSION = YES;
				CLANG_WARN_OBJC_LITERAL_CONVERSION = YES;
				CLANG_WARN_OBJC_ROOT_CLASS = YES_ERROR;
				CLANG_WARN_RANGE_LOOP_ANALYSIS = YES;
				CLANG_WARN_STRICT_PROTOTYPES = YES;
				CLANG_WARN_SUSPICIOUS_MOVE = YES;
				CLANG_WARN_UNGUARDED_AVAILABILITY = YES_AGGRESSIVE;
				CLANG_WARN_UNREACHABLE_CODE = YES;
				CLANG_WARN__DUPLICATE_METHOD_MATCH = YES;
				CODE_SIGN_IDENTITY = "iPhone Developer";
				COPY_PHASE_STRIP = NO;
				DEBUG_INFORMATION_FORMAT = "dwarf-with-dsym";
				ENABLE_NS_ASSERTIONS = NO;
				ENABLE_STRICT_OBJC_MSGSEND = YES;
				GCC_C_LANGUAGE_STANDARD = gnu11;
				GCC_NO_COMMON_BLOCKS = YES;
				GCC_WARN_64_TO_32_BIT_CONVERSION = YES;
				GCC_WARN_ABOUT_RETURN_TYPE = YES_ERROR;
				GCC_WARN_UNDECLARED_SELECTOR = YES;
				GCC_WARN_UNINITIALIZED_AUTOS = YES_AGGRESSIVE;
				GCC_WARN_UNUSED_FUNCTION = YES;
				GCC_WARN_UNUSED_VARIABLE = YES;
				IPHONEOS_DEPLOYMENT_TARGET = 11.0;
				MTL_ENABLE_DEBUG_INFO = NO;
				SDKROOT = iphoneos;
				SWIFT_OPTIMIZATION_LEVEL = "-Owholemodule";
				VALIDATE_PRODUCT = YES;
			};
			name = Release;
		};
		6A0F7D201F9A2C7B00191C2A /* Debug */ = {
			isa = XCBuildConfiguration;
			baseConfigurationReference = D4C46EC22A22853427A62E96 /* Pods-BenderApp.debug.xcconfig */;
			buildSettings = {
				ASSETCATALOG_COMPILER_APPICON_NAME = AppIcon;
				CODE_SIGN_STYLE = Automatic;
				DEVELOPMENT_TEAM = CT884K7983;
				INFOPLIST_FILE = BenderApp/Info.plist;
				IPHONEOS_DEPLOYMENT_TARGET = 10.0;
				LD_RUNPATH_SEARCH_PATHS = "$(inherited) @executable_path/Frameworks";
				PRODUCT_BUNDLE_IDENTIFIER = com.github.bestK1ngArthur.BenderApp;
				PRODUCT_NAME = "$(TARGET_NAME)";
				SWIFT_VERSION = 4.0;
				TARGETED_DEVICE_FAMILY = "1,2";
			};
			name = Debug;
		};
		6A0F7D211F9A2C7B00191C2A /* Release */ = {
			isa = XCBuildConfiguration;
			baseConfigurationReference = 3415BCE6558FDF9EAF0B9A36 /* Pods-BenderApp.release.xcconfig */;
			buildSettings = {
				ASSETCATALOG_COMPILER_APPICON_NAME = AppIcon;
				CODE_SIGN_STYLE = Automatic;
				DEVELOPMENT_TEAM = CT884K7983;
				INFOPLIST_FILE = BenderApp/Info.plist;
				IPHONEOS_DEPLOYMENT_TARGET = 10.0;
				LD_RUNPATH_SEARCH_PATHS = "$(inherited) @executable_path/Frameworks";
				PRODUCT_BUNDLE_IDENTIFIER = com.github.bestK1ngArthur.BenderApp;
				PRODUCT_NAME = "$(TARGET_NAME)";
				SWIFT_VERSION = 4.0;
				TARGETED_DEVICE_FAMILY = "1,2";
			};
			name = Release;
		};
/* End XCBuildConfiguration section */

/* Begin XCConfigurationList section */
		6A0F7D061F9A2C7B00191C2A /* Build configuration list for PBXProject "BenderApp" */ = {
			isa = XCConfigurationList;
			buildConfigurations = (
				6A0F7D1D1F9A2C7B00191C2A /* Debug */,
				6A0F7D1E1F9A2C7B00191C2A /* Release */,
			);
			defaultConfigurationIsVisible = 0;
			defaultConfigurationName = Release;
		};
		6A0F7D1F1F9A2C7B00191C2A /* Build configuration list for PBXNativeTarget "BenderApp" */ = {
			isa = XCConfigurationList;
			buildConfigurations = (
				6A0F7D201F9A2C7B00191C2A /* Debug */,
				6A0F7D211F9A2C7B00191C2A /* Release */,
			);
			defaultConfigurationIsVisible = 0;
			defaultConfigurationName = Release;
		};
/* End XCConfigurationList section */
	};
	rootObject = 6A0F7D031F9A2C7B00191C2A /* Project object */;
}
